
Microsoft Visual Studio Solution File, Format Version 12.00
# Visual Studio Version 17
VisualStudioVersion = 17.10.35027.167
MinimumVisualStudioVersion = 10.0.40219.1
Project("{FAE04EC0-301F-11D3-BF4B-00C04F79EFBC}") = "LChat.GUI", "LChat.GUI\LChat.GUI.csproj", "{2EB54A2A-D352-46E1-8297-397B00BDA2B4}"
EndProject
Global
	GlobalSection(SolutionConfigurationPlatforms) = preSolution
		Debug|Any CPU = Debug|Any CPU
		Release|Any CPU = Release|Any CPU
	EndGlobalSection
	GlobalSection(ProjectConfigurationPlatforms) = postSolution
		{2EB54A2A-D352-46E1-8297-397B00BDA2B4}.Debug|Any CPU.ActiveCfg = Debug|Any CPU
		{2EB54A2A-D352-46E1-8297-397B00BDA2B4}.Debug|Any CPU.Build.0 = Debug|Any CPU
		{2EB54A2A-D352-46E1-8297-397B00BDA2B4}.Release|Any CPU.ActiveCfg = Release|Any CPU
		{2EB54A2A-D352-46E1-8297-397B00BDA2B4}.Release|Any CPU.Build.0 = Release|Any CPU
	EndGlobalSection
	GlobalSection(SolutionProperties) = preSolution
		HideSolutionNode = FALSE
	EndGlobalSection
	GlobalSection(ExtensibilityGlobals) = postSolution
		SolutionGuid = {CADD40A6-FE86-4C32-9DD1-F495736FA22A}
	EndGlobalSection
EndGlobal
